
Microsoft Visual Studio Solution File, Format Version 12.00
# Visual Studio Version 16
VisualStudioVersion = 16.0.29613.14
MinimumVisualStudioVersion = 10.0.40219.1
Project("{FAE04EC0-301F-11D3-BF4B-00C04F79EFBC}") = "AdvSteamWatcher", "AdvSteamWatcher\AdvSteamWatcher.csproj", "{35EB404B-AB44-4C45-A897-DBC6E8D44148}"
EndProject
Project("{FAE04EC0-301F-11D3-BF4B-00C04F79EFBC}") = "SteamBot", "SteamBot\SteamBot.csproj", "{6B4E7EEE-79A1-4CEF-8606-2137A6987245}"
EndProject
Global
	GlobalSection(SolutionConfigurationPlatforms) = preSolution
		Debug|Any CPU = Debug|Any CPU
		Release|Any CPU = Release|Any CPU
	EndGlobalSection
	GlobalSection(ProjectConfigurationPlatforms) = postSolution
		{35EB404B-AB44-4C45-A897-DBC6E8D44148}.Debug|Any CPU.ActiveCfg = Debug|Any CPU
		{35EB404B-AB44-4C45-A897-DBC6E8D44148}.Debug|Any CPU.Build.0 = Debug|Any CPU
		{35EB404B-AB44-4C45-A897-DBC6E8D44148}.Release|Any CPU.ActiveCfg = Release|Any CPU
		{35EB404B-AB44-4C45-A897-DBC6E8D44148}.Release|Any CPU.Build.0 = Release|Any CPU
		{6B4E7EEE-79A1-4CEF-8606-2137A6987245}.Debug|Any CPU.ActiveCfg = Debug|Any CPU
		{6B4E7EEE-79A1-4CEF-8606-2137A6987245}.Debug|Any CPU.Build.0 = Debug|Any CPU
		{6B4E7EEE-79A1-4CEF-8606-2137A6987245}.Release|Any CPU.ActiveCfg = Release|Any CPU
		{6B4E7EEE-79A1-4CEF-8606-2137A6987245}.Release|Any CPU.Build.0 = Release|Any CPU
	EndGlobalSection
	GlobalSection(SolutionProperties) = preSolution
		HideSolutionNode = FALSE
	EndGlobalSection
	GlobalSection(ExtensibilityGlobals) = postSolution
		SolutionGuid = {9074F7CF-33ED-4C0F-A2E7-51670A3A2BDD}
	EndGlobalSection
EndGlobal
